{
  "originHash" : "bac0884d7c88ef0fbe1d52776e0c0768f7ccaf892fa69f56367ddb9d0db3e279",
  "pins" : [
    {
      "identity" : "datasave",
      "kind" : "remoteSourceControl",
      "location" : "https://github.com/jay-lchicken/DataSave",
      "state" : {
        "branch" : "main",
        "revision" : "5be36a93d56d926faf3b0b02f5d37b691047982e"
      }
    },
    {
      "identity" : "swiftpersistence",
      "kind" : "remoteSourceControl",
      "location" : "https://github.com/cheesetan/SwiftPersistence",
      "state" : {
        "revision" : "8b13dfbeac821279cd3ca5fb9f360250325b6f81",
        "version" : "1.1.2"
      }
    }
  ],
  "version" : 3
}
